
Microsoft Visual Studio Solution File, Format Version 12.00
# Visual Studio Version 16
VisualStudioVersion = 16.0.30330.147
MinimumVisualStudioVersion = 10.0.40219.1
Project("{FAE04EC0-301F-11D3-BF4B-00C04F79EFBC}") = "Taller1HerenciaPOO", "Taller1HerenciaPOO\Taller1HerenciaPOO.csproj", "{31B1FCEB-CC82-43E8-8C22-50BCAD4DA882}"
EndProject
Global
	GlobalSection(SolutionConfigurationPlatforms) = preSolution
		Debug|Any CPU = Debug|Any CPU
		Release|Any CPU = Release|Any CPU
	EndGlobalSection
	GlobalSection(ProjectConfigurationPlatforms) = postSolution
		{31B1FCEB-CC82-43E8-8C22-50BCAD4DA882}.Debug|Any CPU.ActiveCfg = Debug|Any CPU
		{31B1FCEB-CC82-43E8-8C22-50BCAD4DA882}.Debug|Any CPU.Build.0 = Debug|Any CPU
		{31B1FCEB-CC82-43E8-8C22-50BCAD4DA882}.Release|Any CPU.ActiveCfg = Release|Any CPU
		{31B1FCEB-CC82-43E8-8C22-50BCAD4DA882}.Release|Any CPU.Build.0 = Release|Any CPU
	EndGlobalSection
	GlobalSection(SolutionProperties) = preSolution
		HideSolutionNode = FALSE
	EndGlobalSection
	GlobalSection(ExtensibilityGlobals) = postSolution
		SolutionGuid = {19C4DF53-55EB-49A0-B80E-3EF7BB1E837D}
	EndGlobalSection
EndGlobal
